
Microsoft Visual Studio Solution File, Format Version 12.00
# Visual Studio 2013
VisualStudioVersion = 12.0.30501.0
MinimumVisualStudioVersion = 10.0.40219.1
Project("{FAE04EC0-301F-11D3-BF4B-00C04F79EFBC}") = "Chip8.WinForms", "Chip8.WinForms\Chip8.WinForms.csproj", "{42273E5D-7FB2-4E23-BACC-9C1A372C7820}"
EndProject
Project("{FAE04EC0-301F-11D3-BF4B-00C04F79EFBC}") = "Chip8", "Chip8\Chip8.csproj", "{2F98C1C1-22BE-4D5E-8F49-53C24D17EAA2}"
EndProject
Project("{2150E333-8FDC-42A3-9474-1A3956D46DE8}") = "Solution Items", "Solution Items", "{365B52A7-C6F8-44BB-ADA9-9E1464643F4A}"
	ProjectSection(SolutionItems) = preProject
		Chip8.Docs\Notes.txt = Chip8.Docs\Notes.txt
	EndProjectSection
EndProject
Global
	GlobalSection(SolutionConfigurationPlatforms) = preSolution
		Debug|Any CPU = Debug|Any CPU
		Release|Any CPU = Release|Any CPU
	EndGlobalSection
	GlobalSection(ProjectConfigurationPlatforms) = postSolution
		{42273E5D-7FB2-4E23-BACC-9C1A372C7820}.Debug|Any CPU.ActiveCfg = Debug|Any CPU
		{42273E5D-7FB2-4E23-BACC-9C1A372C7820}.Debug|Any CPU.Build.0 = Debug|Any CPU
		{42273E5D-7FB2-4E23-BACC-9C1A372C7820}.Release|Any CPU.ActiveCfg = Release|Any CPU
		{42273E5D-7FB2-4E23-BACC-9C1A372C7820}.Release|Any CPU.Build.0 = Release|Any CPU
		{2F98C1C1-22BE-4D5E-8F49-53C24D17EAA2}.Debug|Any CPU.ActiveCfg = Debug|Any CPU
		{2F98C1C1-22BE-4D5E-8F49-53C24D17EAA2}.Debug|Any CPU.Build.0 = Debug|Any CPU
		{2F98C1C1-22BE-4D5E-8F49-53C24D17EAA2}.Release|Any CPU.ActiveCfg = Release|Any CPU
		{2F98C1C1-22BE-4D5E-8F49-53C24D17EAA2}.Release|Any CPU.Build.0 = Release|Any CPU
	EndGlobalSection
	GlobalSection(SolutionProperties) = preSolution
		HideSolutionNode = FALSE
	EndGlobalSection
EndGlobal
